
Microsoft Visual Studio Solution File, Format Version 12.00
# Visual Studio Version 17
VisualStudioVersion = 17.12.35707.178 d17.12
MinimumVisualStudioVersion = 10.0.40219.1
Project("{FAE04EC0-301F-11D3-BF4B-00C04F79EFBC}") = "DiscountService", "DiscountService.csproj", "{45B5E152-88F4-47EB-AEAB-BDB1ED23C253}"
EndProject
Project("{FAE04EC0-301F-11D3-BF4B-00C04F79EFBC}") = "DiscountServiceClient", "..\DiscountServiceClient\DiscountServiceClient.csproj", "{A0DA8B66-DB06-4674-8477-A2079EBDF9EE}"
EndProject
Project("{FAE04EC0-301F-11D3-BF4B-00C04F79EFBC}") = "DiscountService.Tests", "..\DiscountServiceTests\DiscountService.Tests.csproj", "{AA1DD62E-E2EE-482C-B774-22B71AD9983C}"
EndProject
Project("{FAE04EC0-301F-11D3-BF4B-00C04F79EFBC}") = "Storage", "..\BusinessLayer\Storage.csproj", "{1CFE5399-2D7E-4876-BD67-9AE6C0F47DC3}"
EndProject
Global
	GlobalSection(SolutionConfigurationPlatforms) = preSolution
		Debug|Any CPU = Debug|Any CPU
		Release|Any CPU = Release|Any CPU
	EndGlobalSection
	GlobalSection(ProjectConfigurationPlatforms) = postSolution
		{45B5E152-88F4-47EB-AEAB-BDB1ED23C253}.Debug|Any CPU.ActiveCfg = Debug|Any CPU
		{45B5E152-88F4-47EB-AEAB-BDB1ED23C253}.Debug|Any CPU.Build.0 = Debug|Any CPU
		{45B5E152-88F4-47EB-AEAB-BDB1ED23C253}.Release|Any CPU.ActiveCfg = Release|Any CPU
		{45B5E152-88F4-47EB-AEAB-BDB1ED23C253}.Release|Any CPU.Build.0 = Release|Any CPU
		{A0DA8B66-DB06-4674-8477-A2079EBDF9EE}.Debug|Any CPU.ActiveCfg = Debug|Any CPU
		{A0DA8B66-DB06-4674-8477-A2079EBDF9EE}.Debug|Any CPU.Build.0 = Debug|Any CPU
		{A0DA8B66-DB06-4674-8477-A2079EBDF9EE}.Release|Any CPU.ActiveCfg = Release|Any CPU
		{A0DA8B66-DB06-4674-8477-A2079EBDF9EE}.Release|Any CPU.Build.0 = Release|Any CPU
		{AA1DD62E-E2EE-482C-B774-22B71AD9983C}.Debug|Any CPU.ActiveCfg = Debug|Any CPU
		{AA1DD62E-E2EE-482C-B774-22B71AD9983C}.Debug|Any CPU.Build.0 = Debug|Any CPU
		{AA1DD62E-E2EE-482C-B774-22B71AD9983C}.Release|Any CPU.ActiveCfg = Release|Any CPU
		{AA1DD62E-E2EE-482C-B774-22B71AD9983C}.Release|Any CPU.Build.0 = Release|Any CPU
		{1CFE5399-2D7E-4876-BD67-9AE6C0F47DC3}.Debug|Any CPU.ActiveCfg = Debug|Any CPU
		{1CFE5399-2D7E-4876-BD67-9AE6C0F47DC3}.Debug|Any CPU.Build.0 = Debug|Any CPU
		{1CFE5399-2D7E-4876-BD67-9AE6C0F47DC3}.Release|Any CPU.ActiveCfg = Release|Any CPU
		{1CFE5399-2D7E-4876-BD67-9AE6C0F47DC3}.Release|Any CPU.Build.0 = Release|Any CPU
	EndGlobalSection
	GlobalSection(SolutionProperties) = preSolution
		HideSolutionNode = FALSE
	EndGlobalSection
EndGlobal
